
Microsoft Visual Studio Solution File, Format Version 12.00
# Visual Studio 14
VisualStudioVersion = 14.0.23107.0
MinimumVisualStudioVersion = 10.0.40219.1
Project("{8BC9CEB8-8B4A-11D0-8D11-00A0C91BC942}") = "Vector", "Vector\Vector.vcxproj", "{D61C564F-BE98-4E75-BB12-5307E7EE151A}"
EndProject
Project("{8BC9CEB8-8B4A-11D0-8D11-00A0C91BC942}") = "Base_University", "Base_University\Base_University.vcxproj", "{9C5F2649-7768-4270-B825-84D436C0E22E}"
EndProject
Project("{8BC9CEB8-8B4A-11D0-8D11-00A0C91BC942}") = "Struct", "Struct\Struct.vcxproj", "{87385D28-6A1A-4717-BE2C-39D1EBCCB113}"
EndProject
Project("{8BC9CEB8-8B4A-11D0-8D11-00A0C91BC942}") = "Function", "Function\Function.vcxproj", "{DB918D91-F766-4E39-87C4-7681A18B7838}"
EndProject
Project("{8BC9CEB8-8B4A-11D0-8D11-00A0C91BC942}") = "Class_and_Object", "Class_and_Object\Class_and_Object.vcxproj", "{19B10877-DB35-4E1E-B175-93557AE4B081}"
EndProject
Project("{8BC9CEB8-8B4A-11D0-8D11-00A0C91BC942}") = "Extends", "Extends\Extends.vcxproj", "{0232928F-CD5F-4B76-B4E7-C41151A7811A}"
EndProject
Project("{8BC9CEB8-8B4A-11D0-8D11-00A0C91BC942}") = "Pointers", "Pointers\Pointers.vcxproj", "{DE5F2B3B-9D15-4A0D-8560-FB6F928624C6}"
EndProject
Project("{8BC9CEB8-8B4A-11D0-8D11-00A0C91BC942}") = "VirtualFunction", "VirtualFunction\VirtualFunction.vcxproj", "{CE0BC172-2D7F-46C1-91F3-4B9246905C93}"
EndProject
Project("{8BC9CEB8-8B4A-11D0-8D11-00A0C91BC942}") = "ManyFiles", "ManyFiles\ManyFiles.vcxproj", "{421AAB1F-3D46-427F-AE06-FDAAC93809B2}"
EndProject
Global
	GlobalSection(SolutionConfigurationPlatforms) = preSolution
		Debug|x64 = Debug|x64
		Debug|x86 = Debug|x86
		Release|x64 = Release|x64
		Release|x86 = Release|x86
	EndGlobalSection
	GlobalSection(ProjectConfigurationPlatforms) = postSolution
		{D61C564F-BE98-4E75-BB12-5307E7EE151A}.Debug|x64.ActiveCfg = Debug|x64
		{D61C564F-BE98-4E75-BB12-5307E7EE151A}.Debug|x64.Build.0 = Debug|x64
		{D61C564F-BE98-4E75-BB12-5307E7EE151A}.Debug|x86.ActiveCfg = Debug|Win32
		{D61C564F-BE98-4E75-BB12-5307E7EE151A}.Debug|x86.Build.0 = Debug|Win32
		{D61C564F-BE98-4E75-BB12-5307E7EE151A}.Release|x64.ActiveCfg = Release|x64
		{D61C564F-BE98-4E75-BB12-5307E7EE151A}.Release|x64.Build.0 = Release|x64
		{D61C564F-BE98-4E75-BB12-5307E7EE151A}.Release|x86.ActiveCfg = Release|Win32
		{D61C564F-BE98-4E75-BB12-5307E7EE151A}.Release|x86.Build.0 = Release|Win32
		{9C5F2649-7768-4270-B825-84D436C0E22E}.Debug|x64.ActiveCfg = Debug|x64
		{9C5F2649-7768-4270-B825-84D436C0E22E}.Debug|x64.Build.0 = Debug|x64
		{9C5F2649-7768-4270-B825-84D436C0E22E}.Debug|x86.ActiveCfg = Debug|Win32
		{9C5F2649-7768-4270-B825-84D436C0E22E}.Debug|x86.Build.0 = Debug|Win32
		{9C5F2649-7768-4270-B825-84D436C0E22E}.Release|x64.ActiveCfg = Release|x64
		{9C5F2649-7768-4270-B825-84D436C0E22E}.Release|x64.Build.0 = Release|x64
		{9C5F2649-7768-4270-B825-84D436C0E22E}.Release|x86.ActiveCfg = Release|Win32
		{9C5F2649-7768-4270-B825-84D436C0E22E}.Release|x86.Build.0 = Release|Win32
		{87385D28-6A1A-4717-BE2C-39D1EBCCB113}.Debug|x64.ActiveCfg = Debug|x64
		{87385D28-6A1A-4717-BE2C-39D1EBCCB113}.Debug|x64.Build.0 = Debug|x64
		{87385D28-6A1A-4717-BE2C-39D1EBCCB113}.Debug|x86.ActiveCfg = Debug|Win32
		{87385D28-6A1A-4717-BE2C-39D1EBCCB113}.Debug|x86.Build.0 = Debug|Win32
		{87385D28-6A1A-4717-BE2C-39D1EBCCB113}.Release|x64.ActiveCfg = Release|x64
		{87385D28-6A1A-4717-BE2C-39D1EBCCB113}.Release|x64.Build.0 = Release|x64
		{87385D28-6A1A-4717-BE2C-39D1EBCCB113}.Release|x86.ActiveCfg = Release|Win32
		{87385D28-6A1A-4717-BE2C-39D1EBCCB113}.Release|x86.Build.0 = Release|Win32
		{DB918D91-F766-4E39-87C4-7681A18B7838}.Debug|x64.ActiveCfg = Debug|x64
		{DB918D91-F766-4E39-87C4-7681A18B7838}.Debug|x64.Build.0 = Debug|x64
		{DB918D91-F766-4E39-87C4-7681A18B7838}.Debug|x86.ActiveCfg = Debug|Win32
		{DB918D91-F766-4E39-87C4-7681A18B7838}.Debug|x86.Build.0 = Debug|Win32
		{DB918D91-F766-4E39-87C4-7681A18B7838}.Release|x64.ActiveCfg = Release|x64
		{DB918D91-F766-4E39-87C4-7681A18B7838}.Release|x64.Build.0 = Release|x64
		{DB918D91-F766-4E39-87C4-7681A18B7838}.Release|x86.ActiveCfg = Release|Win32
		{DB918D91-F766-4E39-87C4-7681A18B7838}.Release|x86.Build.0 = Release|Win32
		{19B10877-DB35-4E1E-B175-93557AE4B081}.Debug|x64.ActiveCfg = Debug|x64
		{19B10877-DB35-4E1E-B175-93557AE4B081}.Debug|x64.Build.0 = Debug|x64
		{19B10877-DB35-4E1E-B175-93557AE4B081}.Debug|x86.ActiveCfg = Debug|Win32
		{19B10877-DB35-4E1E-B175-93557AE4B081}.Debug|x86.Build.0 = Debug|Win32
		{19B10877-DB35-4E1E-B175-93557AE4B081}.Release|x64.ActiveCfg = Release|x64
		{19B10877-DB35-4E1E-B175-93557AE4B081}.Release|x64.Build.0 = Release|x64
		{19B10877-DB35-4E1E-B175-93557AE4B081}.Release|x86.ActiveCfg = Release|Win32
		{19B10877-DB35-4E1E-B175-93557AE4B081}.Release|x86.Build.0 = Release|Win32
		{0232928F-CD5F-4B76-B4E7-C41151A7811A}.Debug|x64.ActiveCfg = Debug|x64
		{0232928F-CD5F-4B76-B4E7-C41151A7811A}.Debug|x64.Build.0 = Debug|x64
		{0232928F-CD5F-4B76-B4E7-C41151A7811A}.Debug|x86.ActiveCfg = Debug|Win32
		{0232928F-CD5F-4B76-B4E7-C41151A7811A}.Debug|x86.Build.0 = Debug|Win32
		{0232928F-CD5F-4B76-B4E7-C41151A7811A}.Release|x64.ActiveCfg = Release|x64
		{0232928F-CD5F-4B76-B4E7-C41151A7811A}.Release|x64.Build.0 = Release|x64
		{0232928F-CD5F-4B76-B4E7-C41151A7811A}.Release|x86.ActiveCfg = Release|Win32
		{0232928F-CD5F-4B76-B4E7-C41151A7811A}.Release|x86.Build.0 = Release|Win32
		{DE5F2B3B-9D15-4A0D-8560-FB6F928624C6}.Debug|x64.ActiveCfg = Debug|x64
		{DE5F2B3B-9D15-4A0D-8560-FB6F928624C6}.Debug|x64.Build.0 = Debug|x64
		{DE5F2B3B-9D15-4A0D-8560-FB6F928624C6}.Debug|x86.ActiveCfg = Debug|Win32
		{DE5F2B3B-9D15-4A0D-8560-FB6F928624C6}.Debug|x86.Build.0 = Debug|Win32
		{DE5F2B3B-9D15-4A0D-8560-FB6F928624C6}.Release|x64.ActiveCfg = Release|x64
		{DE5F2B3B-9D15-4A0D-8560-FB6F928624C6}.Release|x64.Build.0 = Release|x64
		{DE5F2B3B-9D15-4A0D-8560-FB6F928624C6}.Release|x86.ActiveCfg = Release|Win32
		{DE5F2B3B-9D15-4A0D-8560-FB6F928624C6}.Release|x86.Build.0 = Release|Win32
		{CE0BC172-2D7F-46C1-91F3-4B9246905C93}.Debug|x64.ActiveCfg = Debug|x64
		{CE0BC172-2D7F-46C1-91F3-4B9246905C93}.Debug|x64.Build.0 = Debug|x64
		{CE0BC172-2D7F-46C1-91F3-4B9246905C93}.Debug|x86.ActiveCfg = Debug|Win32
		{CE0BC172-2D7F-46C1-91F3-4B9246905C93}.Debug|x86.Build.0 = Debug|Win32
		{CE0BC172-2D7F-46C1-91F3-4B9246905C93}.Release|x64.ActiveCfg = Release|x64
		{CE0BC172-2D7F-46C1-91F3-4B9246905C93}.Release|x64.Build.0 = Release|x64
		{CE0BC172-2D7F-46C1-91F3-4B9246905C93}.Release|x86.ActiveCfg = Release|Win32
		{CE0BC172-2D7F-46C1-91F3-4B9246905C93}.Release|x86.Build.0 = Release|Win32
		{421AAB1F-3D46-427F-AE06-FDAAC93809B2}.Debug|x64.ActiveCfg = Debug|x64
		{421AAB1F-3D46-427F-AE06-FDAAC93809B2}.Debug|x64.Build.0 = Debug|x64
		{421AAB1F-3D46-427F-AE06-FDAAC93809B2}.Debug|x86.ActiveCfg = Debug|Win32
		{421AAB1F-3D46-427F-AE06-FDAAC93809B2}.Debug|x86.Build.0 = Debug|Win32
		{421AAB1F-3D46-427F-AE06-FDAAC93809B2}.Release|x64.ActiveCfg = Release|x64
		{421AAB1F-3D46-427F-AE06-FDAAC93809B2}.Release|x64.Build.0 = Release|x64
		{421AAB1F-3D46-427F-AE06-FDAAC93809B2}.Release|x86.ActiveCfg = Release|Win32
		{421AAB1F-3D46-427F-AE06-FDAAC93809B2}.Release|x86.Build.0 = Release|Win32
	EndGlobalSection
	GlobalSection(SolutionProperties) = preSolution
		HideSolutionNode = FALSE
	EndGlobalSection
EndGlobal
