
Microsoft Visual Studio Solution File, Format Version 12.00
# Visual Studio 14
VisualStudioVersion = 14.0.23107.0
MinimumVisualStudioVersion = 10.0.40219.1
Project("{8BC9CEB8-8B4A-11D0-8D11-00A0C91BC942}") = "Class_Student", "Learn_c++\Learn_c++.vcxproj", "{88588F61-1C5D-4073-B502-3F5F1A480BAF}"
EndProject
Project("{8BC9CEB8-8B4A-11D0-8D11-00A0C91BC942}") = "Vector", "Vector\Vector.vcxproj", "{D61C564F-BE98-4E75-BB12-5307E7EE151A}"
EndProject
Project("{8BC9CEB8-8B4A-11D0-8D11-00A0C91BC942}") = "Base_University", "Base_University\Base_University.vcxproj", "{9C5F2649-7768-4270-B825-84D436C0E22E}"
EndProject
Project("{8BC9CEB8-8B4A-11D0-8D11-00A0C91BC942}") = "Struct", "Struct\Struct.vcxproj", "{87385D28-6A1A-4717-BE2C-39D1EBCCB113}"
EndProject
Project("{8BC9CEB8-8B4A-11D0-8D11-00A0C91BC942}") = "Function", "Function\Function.vcxproj", "{DB918D91-F766-4E39-87C4-7681A18B7838}"
EndProject
Project("{8BC9CEB8-8B4A-11D0-8D11-00A0C91BC942}") = "Class_and_Object", "Class_and_Object\Class_and_Object.vcxproj", "{19B10877-DB35-4E1E-B175-93557AE4B081}"
EndProject
Global
	GlobalSection(SolutionConfigurationPlatforms) = preSolution
		Debug|x64 = Debug|x64
		Debug|x86 = Debug|x86
		Release|x64 = Release|x64
		Release|x86 = Release|x86
	EndGlobalSection
	GlobalSection(ProjectConfigurationPlatforms) = postSolution
		{88588F61-1C5D-4073-B502-3F5F1A480BAF}.Debug|x64.ActiveCfg = Debug|x64
		{88588F61-1C5D-4073-B502-3F5F1A480BAF}.Debug|x64.Build.0 = Debug|x64
		{88588F61-1C5D-4073-B502-3F5F1A480BAF}.Debug|x86.ActiveCfg = Debug|Win32
		{88588F61-1C5D-4073-B502-3F5F1A480BAF}.Debug|x86.Build.0 = Debug|Win32
		{88588F61-1C5D-4073-B502-3F5F1A480BAF}.Release|x64.ActiveCfg = Release|x64
		{88588F61-1C5D-4073-B502-3F5F1A480BAF}.Release|x64.Build.0 = Release|x64
		{88588F61-1C5D-4073-B502-3F5F1A480BAF}.Release|x86.ActiveCfg = Release|Win32
		{88588F61-1C5D-4073-B502-3F5F1A480BAF}.Release|x86.Build.0 = Release|Win32
		{D61C564F-BE98-4E75-BB12-5307E7EE151A}.Debug|x64.ActiveCfg = Debug|x64
		{D61C564F-BE98-4E75-BB12-5307E7EE151A}.Debug|x64.Build.0 = Debug|x64
		{D61C564F-BE98-4E75-BB12-5307E7EE151A}.Debug|x86.ActiveCfg = Debug|Win32
		{D61C564F-BE98-4E75-BB12-5307E7EE151A}.Debug|x86.Build.0 = Debug|Win32
		{D61C564F-BE98-4E75-BB12-5307E7EE151A}.Release|x64.ActiveCfg = Release|x64
		{D61C564F-BE98-4E75-BB12-5307E7EE151A}.Release|x64.Build.0 = Release|x64
		{D61C564F-BE98-4E75-BB12-5307E7EE151A}.Release|x86.ActiveCfg = Release|Win32
		{D61C564F-BE98-4E75-BB12-5307E7EE151A}.Release|x86.Build.0 = Release|Win32
		{9C5F2649-7768-4270-B825-84D436C0E22E}.Debug|x64.ActiveCfg = Debug|x64
		{9C5F2649-7768-4270-B825-84D436C0E22E}.Debug|x64.Build.0 = Debug|x64
		{9C5F2649-7768-4270-B825-84D436C0E22E}.Debug|x86.ActiveCfg = Debug|Win32
		{9C5F2649-7768-4270-B825-84D436C0E22E}.Debug|x86.Build.0 = Debug|Win32
		{9C5F2649-7768-4270-B825-84D436C0E22E}.Release|x64.ActiveCfg = Release|x64
		{9C5F2649-7768-4270-B825-84D436C0E22E}.Release|x64.Build.0 = Release|x64
		{9C5F2649-7768-4270-B825-84D436C0E22E}.Release|x86.ActiveCfg = Release|Win32
		{9C5F2649-7768-4270-B825-84D436C0E22E}.Release|x86.Build.0 = Release|Win32
		{87385D28-6A1A-4717-BE2C-39D1EBCCB113}.Debug|x64.ActiveCfg = Debug|x64
		{87385D28-6A1A-4717-BE2C-39D1EBCCB113}.Debug|x64.Build.0 = Debug|x64
		{87385D28-6A1A-4717-BE2C-39D1EBCCB113}.Debug|x86.ActiveCfg = Debug|Win32
		{87385D28-6A1A-4717-BE2C-39D1EBCCB113}.Debug|x86.Build.0 = Debug|Win32
		{87385D28-6A1A-4717-BE2C-39D1EBCCB113}.Release|x64.ActiveCfg = Release|x64
		{87385D28-6A1A-4717-BE2C-39D1EBCCB113}.Release|x64.Build.0 = Release|x64
		{87385D28-6A1A-4717-BE2C-39D1EBCCB113}.Release|x86.ActiveCfg = Release|Win32
		{87385D28-6A1A-4717-BE2C-39D1EBCCB113}.Release|x86.Build.0 = Release|Win32
		{DB918D91-F766-4E39-87C4-7681A18B7838}.Debug|x64.ActiveCfg = Debug|x64
		{DB918D91-F766-4E39-87C4-7681A18B7838}.Debug|x64.Build.0 = Debug|x64
		{DB918D91-F766-4E39-87C4-7681A18B7838}.Debug|x86.ActiveCfg = Debug|Win32
		{DB918D91-F766-4E39-87C4-7681A18B7838}.Debug|x86.Build.0 = Debug|Win32
		{DB918D91-F766-4E39-87C4-7681A18B7838}.Release|x64.ActiveCfg = Release|x64
		{DB918D91-F766-4E39-87C4-7681A18B7838}.Release|x64.Build.0 = Release|x64
		{DB918D91-F766-4E39-87C4-7681A18B7838}.Release|x86.ActiveCfg = Release|Win32
		{DB918D91-F766-4E39-87C4-7681A18B7838}.Release|x86.Build.0 = Release|Win32
		{19B10877-DB35-4E1E-B175-93557AE4B081}.Debug|x64.ActiveCfg = Debug|x64
		{19B10877-DB35-4E1E-B175-93557AE4B081}.Debug|x64.Build.0 = Debug|x64
		{19B10877-DB35-4E1E-B175-93557AE4B081}.Debug|x86.ActiveCfg = Debug|Win32
		{19B10877-DB35-4E1E-B175-93557AE4B081}.Debug|x86.Build.0 = Debug|Win32
		{19B10877-DB35-4E1E-B175-93557AE4B081}.Release|x64.ActiveCfg = Release|x64
		{19B10877-DB35-4E1E-B175-93557AE4B081}.Release|x64.Build.0 = Release|x64
		{19B10877-DB35-4E1E-B175-93557AE4B081}.Release|x86.ActiveCfg = Release|Win32
		{19B10877-DB35-4E1E-B175-93557AE4B081}.Release|x86.Build.0 = Release|Win32
	EndGlobalSection
	GlobalSection(SolutionProperties) = preSolution
		HideSolutionNode = FALSE
	EndGlobalSection
EndGlobal
